
Microsoft Visual Studio Solution File, Format Version 12.00
# Visual Studio Version 16
VisualStudioVersion = 16.0.31321.278
MinimumVisualStudioVersion = 10.0.40219.1
Project("{FAE04EC0-301F-11D3-BF4B-00C04F79EFBC}") = "SistemaCadastro", "SistemaCadastro\SistemaCadastro.csproj", "{60B7256A-FD76-4496-B458-C8E0E641B196}"
EndProject
Global
	GlobalSection(SolutionConfigurationPlatforms) = preSolution
		Debug|Any CPU = Debug|Any CPU
		Release|Any CPU = Release|Any CPU
	EndGlobalSection
	GlobalSection(ProjectConfigurationPlatforms) = postSolution
		{60B7256A-FD76-4496-B458-C8E0E641B196}.Debug|Any CPU.ActiveCfg = Debug|Any CPU
		{60B7256A-FD76-4496-B458-C8E0E641B196}.Debug|Any CPU.Build.0 = Debug|Any CPU
		{60B7256A-FD76-4496-B458-C8E0E641B196}.Release|Any CPU.ActiveCfg = Release|Any CPU
		{60B7256A-FD76-4496-B458-C8E0E641B196}.Release|Any CPU.Build.0 = Release|Any CPU
	EndGlobalSection
	GlobalSection(SolutionProperties) = preSolution
		HideSolutionNode = FALSE
	EndGlobalSection
	GlobalSection(ExtensibilityGlobals) = postSolution
		SolutionGuid = {7FDB0C41-A67B-4D5A-B91E-9ECC3E1ADC85}
	EndGlobalSection
EndGlobal
